
Microsoft Visual Studio Solution File, Format Version 12.00
# Visual Studio Version 17
VisualStudioVersion = 17.10.34916.146
MinimumVisualStudioVersion = 10.0.40219.1
Project("{FAE04EC0-301F-11D3-BF4B-00C04F79EFBC}") = "GoVisitAPI", "GoVisitAPI\GoVisitAPI.csproj", "{EC8C3493-B9F4-4E7F-BA4D-35D0FBD9388E}"
EndProject
Global
	GlobalSection(SolutionConfigurationPlatforms) = preSolution
		Debug|Any CPU = Debug|Any CPU
		Release|Any CPU = Release|Any CPU
	EndGlobalSection
	GlobalSection(ProjectConfigurationPlatforms) = postSolution
		{EC8C3493-B9F4-4E7F-BA4D-35D0FBD9388E}.Debug|Any CPU.ActiveCfg = Debug|Any CPU
		{EC8C3493-B9F4-4E7F-BA4D-35D0FBD9388E}.Debug|Any CPU.Build.0 = Debug|Any CPU
		{EC8C3493-B9F4-4E7F-BA4D-35D0FBD9388E}.Release|Any CPU.ActiveCfg = Release|Any CPU
		{EC8C3493-B9F4-4E7F-BA4D-35D0FBD9388E}.Release|Any CPU.Build.0 = Release|Any CPU
	EndGlobalSection
	GlobalSection(SolutionProperties) = preSolution
		HideSolutionNode = FALSE
	EndGlobalSection
	GlobalSection(ExtensibilityGlobals) = postSolution
		SolutionGuid = {E05C8DAA-D2F3-4E1D-891C-E6C835CA124A}
	EndGlobalSection
EndGlobal
